// !$*UTF8*$!
{
	archiveVersion = 1;
	classes = {
	};
	objectVersion = 77;
	objects = {

/* Begin PBXBuildFile section */
		A10000012FA6000000000001 /* FlukeKit in Frameworks */ = {isa = PBXBuildFile; productRef = A10100012FA6000000000001 /* FlukeKit */; };
		A10000022FA6000000000002 /* FlukeUI in Frameworks */ = {isa = PBXBuildFile; productRef = A10100022FA6000000000002 /* FlukeUI */; };
		A10000032FA6000000000003 /* FlukeFeatures in Frameworks */ = {isa = PBXBuildFile; productRef = A10100032FA6000000000003 /* FlukeFeatures */; };
		A10000042FA6000000000004 /* FlukeKit in Frameworks */ = {isa = PBXBuildFile; productRef = A10100012FA6000000000001 /* FlukeKit */; };
/* End PBXBuildFile section */

/* Begin PBXContainerItemProxy section */
		97C8ECDC2FA59EE000BCF41D /* PBXContainerItemProxy */ = {
			isa = PBXContainerItemProxy;
			containerPortal = 97C8ECC42FA59EDE00BCF41D /* Project object */;
			proxyType = 1;
			remoteGlobalIDString = 97C8ECCB2FA59EDF00BCF41D;
			remoteInfo = Fluke;
		};
		97C8ECE62FA59EE000BCF41D /* PBXContainerItemProxy */ = {
			isa = PBXContainerItemProxy;
			containerPortal = 97C8ECC42FA59EDE00BCF41D /* Project object */;
			proxyType = 1;
			remoteGlobalIDString = 97C8ECCB2FA59EDF00BCF41D;
			remoteInfo = Fluke;
		};
/* End PBXContainerItemProxy section */

/* Begin PBXFileReference section */
		A10300012FA6000000000001 /* Debug.xcconfig */ = {isa = PBXFileReference; lastKnownFileType = text.xcconfig; path = Debug.xcconfig; sourceTree = "<group>"; };
		A10300022FA6000000000002 /* Staging.xcconfig */ = {isa = PBXFileReference; lastKnownFileType = text.xcconfig; path = Staging.xcconfig; sourceTree = "<group>"; };
		A10300032FA6000000000003 /* Release.xcconfig */ = {isa = PBXFileReference; lastKnownFileType = text.xcconfig; path = Release.xcconfig; sourceTree = "<group>"; };
		97C8ECCC2FA59EDF00BCF41D /* Fluke.app */ = {isa = PBXFileReference; explicitFileType = wrapper.application; includeInIndex = 0; path = Fluke.app; sourceTree = BUILT_PRODUCTS_DIR; };
		97C8ECDB2FA59EE000BCF41D /* FlukeTests.xctest */ = {isa = PBXFileReference; explicitFileType = wrapper.cfbundle; includeInIndex = 0; path = FlukeTests.xctest; sourceTree = BUILT_PRODUCTS_DIR; };
		97C8ECE52FA59EE000BCF41D /* FlukeUITests.xctest */ = {isa = PBXFileReference; explicitFileType = wrapper.cfbundle; includeInIndex = 0; path = FlukeUITests.xctest; sourceTree = BUILT_PRODUCTS_DIR; };
/* End PBXFileReference section */

/* Begin PBXFileSystemSynchronizedBuildFileExceptionSet section */
		A10500012FA6000000000001 /* Exceptions for "Fluke" folder in "Fluke" target */ = {
			isa = PBXFileSystemSynchronizedBuildFileExceptionSet;
			membershipExceptions = (
				Info.plist,
			);
			target = 97C8ECCB2FA59EDF00BCF41D /* Fluke */;
		};
/* End PBXFileSystemSynchronizedBuildFileExceptionSet section */

/* Begin PBXFileSystemSynchronizedRootGroup section */
		97C8ECCE2FA59EDF00BCF41D /* Fluke */ = {
			isa = PBXFileSystemSynchronizedRootGroup;
			exceptions = (
				A10500012FA6000000000001 /* Exceptions for "Fluke" folder in "Fluke" target */,
			);
			path = Fluke;
			sourceTree = "<group>";
		};
		97C8ECDE2FA59EE000BCF41D /* FlukeTests */ = {
			isa = PBXFileSystemSynchronizedRootGroup;
			path = FlukeTests;
			sourceTree = "<group>";
		};
		97C8ECE82FA59EE000BCF41D /* FlukeUITests */ = {
			isa = PBXFileSystemSynchronizedRootGroup;
			path = FlukeUITests;
			sourceTree = "<group>";
		};
/* End PBXFileSystemSynchronizedRootGroup section */

/* Begin PBXFrameworksBuildPhase section */
		97C8ECC92FA59EDF00BCF41D /* Frameworks */ = {
			isa = PBXFrameworksBuildPhase;
			buildActionMask = 2147483647;
			files = (
				A10000012FA6000000000001 /* FlukeKit in Frameworks */,
				A10000022FA6000000000002 /* FlukeUI in Frameworks */,
				A10000032FA6000000000003 /* FlukeFeatures in Frameworks */,
			);
			runOnlyForDeploymentPostprocessing = 0;
		};
		97C8ECD82FA59EE000BCF41D /* Frameworks */ = {
			isa = PBXFrameworksBuildPhase;
			buildActionMask = 2147483647;
			files = (
				A10000042FA6000000000004 /* FlukeKit in Frameworks */,
			);
			runOnlyForDeploymentPostprocessing = 0;
		};
		97C8ECE22FA59EE000BCF41D /* Frameworks */ = {
			isa = PBXFrameworksBuildPhase;
			buildActionMask = 2147483647;
			files = (
			);
			runOnlyForDeploymentPostprocessing = 0;
		};
/* End PBXFrameworksBuildPhase section */

/* Begin PBXGroup section */
		97C8ECC32FA59EDE00BCF41D = {
			isa = PBXGroup;
			children = (
				97C8ECCE2FA59EDF00BCF41D /* Fluke */,
				A10300042FA6000000000004 /* Configuration */,
				97C8ECDE2FA59EE000BCF41D /* FlukeTests */,
				97C8ECE82FA59EE000BCF41D /* FlukeUITests */,
				97C8ECCD2FA59EDF00BCF41D /* Products */,
			);
			sourceTree = "<group>";
		};
		A10300042FA6000000000004 /* Configuration */ = {
			isa = PBXGroup;
			children = (
				A10300012FA6000000000001 /* Debug.xcconfig */,
				A10300022FA6000000000002 /* Staging.xcconfig */,
				A10300032FA6000000000003 /* Release.xcconfig */,
			);
			path = Configuration;
			sourceTree = "<group>";
		};
		97C8ECCD2FA59EDF00BCF41D /* Products */ = {
			isa = PBXGroup;
			children = (
				97C8ECCC2FA59EDF00BCF41D /* Fluke.app */,
				97C8ECDB2FA59EE000BCF41D /* FlukeTests.xctest */,
				97C8ECE52FA59EE000BCF41D /* FlukeUITests.xctest */,
			);
			name = Products;
			sourceTree = "<group>";
		};
/* End PBXGroup section */

/* Begin PBXNativeTarget section */
		97C8ECCB2FA59EDF00BCF41D /* Fluke */ = {
			isa = PBXNativeTarget;
			buildConfigurationList = 97C8ECEF2FA59EE000BCF41D /* Build configuration list for PBXNativeTarget "Fluke" */;
			buildPhases = (
				97C8ECC82FA59EDF00BCF41D /* Sources */,
				97C8ECC92FA59EDF00BCF41D /* Frameworks */,
				97C8ECCA2FA59EDF00BCF41D /* Resources */,
			);
			buildRules = (
			);
			dependencies = (
			);
			fileSystemSynchronizedGroups = (
				97C8ECCE2FA59EDF00BCF41D /* Fluke */,
			);
			name = Fluke;
			packageProductDependencies = (
				A10100012FA6000000000001 /* FlukeKit */,
				A10100022FA6000000000002 /* FlukeUI */,
				A10100032FA6000000000003 /* FlukeFeatures */,
			);
			productName = Fluke;
			productReference = 97C8ECCC2FA59EDF00BCF41D /* Fluke.app */;
			productType = "com.apple.product-type.application";
		};
		97C8ECDA2FA59EE000BCF41D /* FlukeTests */ = {
			isa = PBXNativeTarget;
			buildConfigurationList = 97C8ECF22FA59EE000BCF41D /* Build configuration list for PBXNativeTarget "FlukeTests" */;
			buildPhases = (
				97C8ECD72FA59EE000BCF41D /* Sources */,
				97C8ECD82FA59EE000BCF41D /* Frameworks */,
				97C8ECD92FA59EE000BCF41D /* Resources */,
			);
			buildRules = (
			);
			dependencies = (
				97C8ECDD2FA59EE000BCF41D /* PBXTargetDependency */,
			);
			fileSystemSynchronizedGroups = (
				97C8ECDE2FA59EE000BCF41D /* FlukeTests */,
			);
			name = FlukeTests;
			packageProductDependencies = (
				A10100012FA6000000000001 /* FlukeKit */,
			);
			productName = FlukeTests;
			productReference = 97C8ECDB2FA59EE000BCF41D /* FlukeTests.xctest */;
			productType = "com.apple.product-type.bundle.unit-test";
		};
		97C8ECE42FA59EE000BCF41D /* FlukeUITests */ = {
			isa = PBXNativeTarget;
			buildConfigurationList = 97C8ECF52FA59EE000BCF41D /* Build configuration list for PBXNativeTarget "FlukeUITests" */;
			buildPhases = (
				97C8ECE12FA59EE000BCF41D /* Sources */,
				97C8ECE22FA59EE000BCF41D /* Frameworks */,
				97C8ECE32FA59EE000BCF41D /* Resources */,
			);
			buildRules = (
			);
			dependencies = (
				97C8ECE72FA59EE000BCF41D /* PBXTargetDependency */,
			);
			fileSystemSynchronizedGroups = (
				97C8ECE82FA59EE000BCF41D /* FlukeUITests */,
			);
			name = FlukeUITests;
			packageProductDependencies = (
			);
			productName = FlukeUITests;
			productReference = 97C8ECE52FA59EE000BCF41D /* FlukeUITests.xctest */;
			productType = "com.apple.product-type.bundle.ui-testing";
		};
/* End PBXNativeTarget section */

/* Begin PBXProject section */
		97C8ECC42FA59EDE00BCF41D /* Project object */ = {
			isa = PBXProject;
			attributes = {
				BuildIndependentTargetsInParallel = 1;
				LastSwiftUpdateCheck = 2600;
				LastUpgradeCheck = 2600;
				TargetAttributes = {
					97C8ECCB2FA59EDF00BCF41D = {
						CreatedOnToolsVersion = 26.0.1;
					};
					97C8ECDA2FA59EE000BCF41D = {
						CreatedOnToolsVersion = 26.0.1;
						TestTargetID = 97C8ECCB2FA59EDF00BCF41D;
					};
					97C8ECE42FA59EE000BCF41D = {
						CreatedOnToolsVersion = 26.0.1;
						TestTargetID = 97C8ECCB2FA59EDF00BCF41D;
					};
				};
			};
			buildConfigurationList = 97C8ECC72FA59EDE00BCF41D /* Build configuration list for PBXProject "Fluke" */;
			developmentRegion = en;
			hasScannedForEncodings = 0;
			knownRegions = (
				en,
				Base,
			);
			mainGroup = 97C8ECC32FA59EDE00BCF41D;
			minimizedProjectReferenceProxies = 1;
			preferredProjectObjectVersion = 77;
			productRefGroup = 97C8ECCD2FA59EDF00BCF41D /* Products */;
			packageReferences = (
				A10200012FA6000000000001 /* XCLocalSwiftPackageReference "../Packages/FlukeKit" */,
				A10200022FA6000000000002 /* XCLocalSwiftPackageReference "../Packages/FlukeUI" */,
				A10200032FA6000000000003 /* XCLocalSwiftPackageReference "../Packages/FlukeFeatures" */,
			);
			projectDirPath = "";
			projectRoot = "";
			targets = (
				97C8ECCB2FA59EDF00BCF41D /* Fluke */,
				97C8ECDA2FA59EE000BCF41D /* FlukeTests */,
				97C8ECE42FA59EE000BCF41D /* FlukeUITests */,
			);
		};
/* End PBXProject section */

/* Begin PBXResourcesBuildPhase section */
		97C8ECCA2FA59EDF00BCF41D /* Resources */ = {
			isa = PBXResourcesBuildPhase;
			buildActionMask = 2147483647;
			files = (
			);
			runOnlyForDeploymentPostprocessing = 0;
		};
		97C8ECD92FA59EE000BCF41D /* Resources */ = {
			isa = PBXResourcesBuildPhase;
			buildActionMask = 2147483647;
			files = (
			);
			runOnlyForDeploymentPostprocessing = 0;
		};
		97C8ECE32FA59EE000BCF41D /* Resources */ = {
			isa = PBXResourcesBuildPhase;
			buildActionMask = 2147483647;
			files = (
			);
			runOnlyForDeploymentPostprocessing = 0;
		};
/* End PBXResourcesBuildPhase section */

/* Begin PBXSourcesBuildPhase section */
		97C8ECC82FA59EDF00BCF41D /* Sources */ = {
			isa = PBXSourcesBuildPhase;
			buildActionMask = 2147483647;
			files = (
			);
			runOnlyForDeploymentPostprocessing = 0;
		};
		97C8ECD72FA59EE000BCF41D /* Sources */ = {
			isa = PBXSourcesBuildPhase;
			buildActionMask = 2147483647;
			files = (
			);
			runOnlyForDeploymentPostprocessing = 0;
		};
		97C8ECE12FA59EE000BCF41D /* Sources */ = {
			isa = PBXSourcesBuildPhase;
			buildActionMask = 2147483647;
			files = (
			);
			runOnlyForDeploymentPostprocessing = 0;
		};
/* End PBXSourcesBuildPhase section */

/* Begin PBXTargetDependency section */
		97C8ECDD2FA59EE000BCF41D /* PBXTargetDependency */ = {
			isa = PBXTargetDependency;
			target = 97C8ECCB2FA59EDF00BCF41D /* Fluke */;
			targetProxy = 97C8ECDC2FA59EE000BCF41D /* PBXContainerItemProxy */;
		};
		97C8ECE72FA59EE000BCF41D /* PBXTargetDependency */ = {
			isa = PBXTargetDependency;
			target = 97C8ECCB2FA59EDF00BCF41D /* Fluke */;
			targetProxy = 97C8ECE62FA59EE000BCF41D /* PBXContainerItemProxy */;
		};
/* End PBXTargetDependency section */

/* Begin XCBuildConfiguration section */
		97C8ECED2FA59EE000BCF41D /* Debug */ = {
			isa = XCBuildConfiguration;
			buildSettings = {
				ALWAYS_SEARCH_USER_PATHS = NO;
				ASSETCATALOG_COMPILER_GENERATE_SWIFT_ASSET_SYMBOL_EXTENSIONS = YES;
				CLANG_ANALYZER_NONNULL = YES;
				CLANG_ANALYZER_NUMBER_OBJECT_CONVERSION = YES_AGGRESSIVE;
				CLANG_CXX_LANGUAGE_STANDARD = "gnu++20";
				CLANG_ENABLE_MODULES = YES;
				CLANG_ENABLE_OBJC_ARC = YES;
				CLANG_ENABLE_OBJC_WEAK = YES;
				CLANG_WARN_BLOCK_CAPTURE_AUTORELEASING = YES;
				CLANG_WARN_BOOL_CONVERSION = YES;
				CLANG_WARN_COMMA = YES;
				CLANG_WARN_CONSTANT_CONVERSION = YES;
				CLANG_WARN_DEPRECATED_OBJC_IMPLEMENTATIONS = YES;
				CLANG_WARN_DIRECT_OBJC_ISA_USAGE = YES_ERROR;
				CLANG_WARN_DOCUMENTATION_COMMENTS = YES;
				CLANG_WARN_EMPTY_BODY = YES;
				CLANG_WARN_ENUM_CONVERSION = YES;
				CLANG_WARN_INFINITE_RECURSION = YES;
				CLANG_WARN_INT_CONVERSION = YES;
				CLANG_WARN_NON_LITERAL_NULL_CONVERSION = YES;
				CLANG_WARN_OBJC_IMPLICIT_RETAIN_SELF = YES;
				CLANG_WARN_OBJC_LITERAL_CONVERSION = YES;
				CLANG_WARN_OBJC_ROOT_CLASS = YES_ERROR;
				CLANG_WARN_QUOTED_INCLUDE_IN_FRAMEWORK_HEADER = YES;
				CLANG_WARN_RANGE_LOOP_ANALYSIS = YES;
				CLANG_WARN_STRICT_PROTOTYPES = YES;
				CLANG_WARN_SUSPICIOUS_MOVE = YES;
				CLANG_WARN_UNGUARDED_AVAILABILITY = YES_AGGRESSIVE;
				CLANG_WARN_UNREACHABLE_CODE = YES;
				CLANG_WARN__DUPLICATE_METHOD_MATCH = YES;
				COPY_PHASE_STRIP = NO;
				DEBUG_INFORMATION_FORMAT = dwarf;
				DEVELOPMENT_TEAM = 86RBV2JZ8F;
				ENABLE_STRICT_OBJC_MSGSEND = YES;
				ENABLE_TESTABILITY = YES;
				ENABLE_USER_SCRIPT_SANDBOXING = YES;
				GCC_C_LANGUAGE_STANDARD = gnu17;
				GCC_DYNAMIC_NO_PIC = NO;
				GCC_NO_COMMON_BLOCKS = YES;
				GCC_OPTIMIZATION_LEVEL = 0;
				GCC_PREPROCESSOR_DEFINITIONS = (
					"DEBUG=1",
					"$(inherited)",
				);
				GCC_WARN_64_TO_32_BIT_CONVERSION = YES;
				GCC_WARN_ABOUT_RETURN_TYPE = YES_ERROR;
				GCC_WARN_UNDECLARED_SELECTOR = YES;
				GCC_WARN_UNINITIALIZED_AUTOS = YES_AGGRESSIVE;
				GCC_WARN_UNUSED_FUNCTION = YES;
				GCC_WARN_UNUSED_VARIABLE = YES;
				LOCALIZATION_PREFERS_STRING_CATALOGS = YES;
				MTL_ENABLE_DEBUG_INFO = INCLUDE_SOURCE;
				MTL_FAST_MATH = YES;
				ONLY_ACTIVE_ARCH = YES;
				SWIFT_ACTIVE_COMPILATION_CONDITIONS = "DEBUG $(inherited)";
				SWIFT_OPTIMIZATION_LEVEL = "-Onone";
			};
			name = Debug;
		};
		97C8ECEE2FA59EE000BCF41D /* Release */ = {
			isa = XCBuildConfiguration;
			buildSettings = {
				ALWAYS_SEARCH_USER_PATHS = NO;
				ASSETCATALOG_COMPILER_GENERATE_SWIFT_ASSET_SYMBOL_EXTENSIONS = YES;
				CLANG_ANALYZER_NONNULL = YES;
				CLANG_ANALYZER_NUMBER_OBJECT_CONVERSION = YES_AGGRESSIVE;
				CLANG_CXX_LANGUAGE_STANDARD = "gnu++20";
				CLANG_ENABLE_MODULES = YES;
				CLANG_ENABLE_OBJC_ARC = YES;
				CLANG_ENABLE_OBJC_WEAK = YES;
				CLANG_WARN_BLOCK_CAPTURE_AUTORELEASING = YES;
				CLANG_WARN_BOOL_CONVERSION = YES;
				CLANG_WARN_COMMA = YES;
				CLANG_WARN_CONSTANT_CONVERSION = YES;
				CLANG_WARN_DEPRECATED_OBJC_IMPLEMENTATIONS = YES;
				CLANG_WARN_DIRECT_OBJC_ISA_USAGE = YES_ERROR;
				CLANG_WARN_DOCUMENTATION_COMMENTS = YES;
				CLANG_WARN_EMPTY_BODY = YES;
				CLANG_WARN_ENUM_CONVERSION = YES;
				CLANG_WARN_INFINITE_RECURSION = YES;
				CLANG_WARN_INT_CONVERSION = YES;
				CLANG_WARN_NON_LITERAL_NULL_CONVERSION = YES;
				CLANG_WARN_OBJC_IMPLICIT_RETAIN_SELF = YES;
				CLANG_WARN_OBJC_LITERAL_CONVERSION = YES;
				CLANG_WARN_OBJC_ROOT_CLASS = YES_ERROR;
				CLANG_WARN_QUOTED_INCLUDE_IN_FRAMEWORK_HEADER = YES;
				CLANG_WARN_RANGE_LOOP_ANALYSIS = YES;
				CLANG_WARN_STRICT_PROTOTYPES = YES;
				CLANG_WARN_SUSPICIOUS_MOVE = YES;
				CLANG_WARN_UNGUARDED_AVAILABILITY = YES_AGGRESSIVE;
				CLANG_WARN_UNREACHABLE_CODE = YES;
				CLANG_WARN__DUPLICATE_METHOD_MATCH = YES;
				COPY_PHASE_STRIP = NO;
				DEBUG_INFORMATION_FORMAT = "dwarf-with-dsym";
				DEVELOPMENT_TEAM = 86RBV2JZ8F;
				ENABLE_NS_ASSERTIONS = NO;
				ENABLE_STRICT_OBJC_MSGSEND = YES;
				ENABLE_USER_SCRIPT_SANDBOXING = YES;
				GCC_C_LANGUAGE_STANDARD = gnu17;
				GCC_NO_COMMON_BLOCKS = YES;
				GCC_WARN_64_TO_32_BIT_CONVERSION = YES;
				GCC_WARN_ABOUT_RETURN_TYPE = YES_ERROR;
				GCC_WARN_UNDECLARED_SELECTOR = YES;
				GCC_WARN_UNINITIALIZED_AUTOS = YES_AGGRESSIVE;
				GCC_WARN_UNUSED_FUNCTION = YES;
				GCC_WARN_UNUSED_VARIABLE = YES;
				LOCALIZATION_PREFERS_STRING_CATALOGS = YES;
				MTL_ENABLE_DEBUG_INFO = NO;
				MTL_FAST_MATH = YES;
				SWIFT_COMPILATION_MODE = wholemodule;
			};
			name = Release;
		};
		97C8ECF02FA59EE000BCF41D /* Debug */ = {
			isa = XCBuildConfiguration;
			baseConfigurationReference = A10300012FA6000000000001 /* Debug.xcconfig */;
			buildSettings = {
				ASSETCATALOG_COMPILER_APPICON_NAME = AppIcon;
				ASSETCATALOG_COMPILER_GLOBAL_ACCENT_COLOR_NAME = AccentColor;
				CODE_SIGN_STYLE = Automatic;
				CURRENT_PROJECT_VERSION = 1;
				DEVELOPMENT_TEAM = 86RBV2JZ8F;
				ENABLE_APP_SANDBOX = YES;
				ENABLE_HARDENED_RUNTIME = YES;
				ENABLE_PREVIEWS = YES;
				ENABLE_USER_SELECTED_FILES = readonly;
				GENERATE_INFOPLIST_FILE = NO;
				INFOPLIST_FILE = Fluke/Info.plist;
				"INFOPLIST_KEY_UIApplicationSceneManifest_Generation[sdk=iphoneos*]" = YES;
				"INFOPLIST_KEY_UIApplicationSceneManifest_Generation[sdk=iphonesimulator*]" = YES;
				"INFOPLIST_KEY_UIApplicationSupportsIndirectInputEvents[sdk=iphoneos*]" = YES;
				"INFOPLIST_KEY_UIApplicationSupportsIndirectInputEvents[sdk=iphonesimulator*]" = YES;
				"INFOPLIST_KEY_UILaunchScreen_Generation[sdk=iphoneos*]" = YES;
				"INFOPLIST_KEY_UILaunchScreen_Generation[sdk=iphonesimulator*]" = YES;
				"INFOPLIST_KEY_UIStatusBarStyle[sdk=iphoneos*]" = UIStatusBarStyleDefault;
				"INFOPLIST_KEY_UIStatusBarStyle[sdk=iphonesimulator*]" = UIStatusBarStyleDefault;
				INFOPLIST_KEY_UISupportedInterfaceOrientations_iPad = "UIInterfaceOrientationPortrait UIInterfaceOrientationPortraitUpsideDown UIInterfaceOrientationLandscapeLeft UIInterfaceOrientationLandscapeRight";
				INFOPLIST_KEY_UISupportedInterfaceOrientations_iPhone = "UIInterfaceOrientationPortrait UIInterfaceOrientationLandscapeLeft UIInterfaceOrientationLandscapeRight";
				IPHONEOS_DEPLOYMENT_TARGET = 17.0;
				LD_RUNPATH_SEARCH_PATHS = "@executable_path/Frameworks";
				"LD_RUNPATH_SEARCH_PATHS[sdk=macosx*]" = "@executable_path/../Frameworks";
				MACOSX_DEPLOYMENT_TARGET = 26.0;
				MARKETING_VERSION = 1.0;
				PRODUCT_BUNDLE_IDENTIFIER = app.fluke.Fluke;
				PRODUCT_NAME = "$(TARGET_NAME)";
				REGISTER_APP_GROUPS = YES;
				SDKROOT = iphoneos;
				STRING_CATALOG_GENERATE_SYMBOLS = YES;
				SUPPORTED_PLATFORMS = "iphoneos iphonesimulator";
				SWIFT_APPROACHABLE_CONCURRENCY = YES;
				SWIFT_DEFAULT_ACTOR_ISOLATION = MainActor;
				SWIFT_EMIT_LOC_STRINGS = YES;
				SWIFT_UPCOMING_FEATURE_MEMBER_IMPORT_VISIBILITY = YES;
				SWIFT_VERSION = 5.0;
				TARGETED_DEVICE_FAMILY = 1;
				XROS_DEPLOYMENT_TARGET = 26.0;
			};
			name = Debug;
		};
		97C8ECF12FA59EE000BCF41D /* Release */ = {
			isa = XCBuildConfiguration;
			baseConfigurationReference = A10300032FA6000000000003 /* Release.xcconfig */;
			buildSettings = {
				ASSETCATALOG_COMPILER_APPICON_NAME = AppIcon;
				ASSETCATALOG_COMPILER_GLOBAL_ACCENT_COLOR_NAME = AccentColor;
				CODE_SIGN_STYLE = Automatic;
				CURRENT_PROJECT_VERSION = 1;
				DEVELOPMENT_TEAM = 86RBV2JZ8F;
				ENABLE_APP_SANDBOX = YES;
				ENABLE_HARDENED_RUNTIME = YES;
				ENABLE_PREVIEWS = YES;
				ENABLE_USER_SELECTED_FILES = readonly;
				GENERATE_INFOPLIST_FILE = NO;
				INFOPLIST_FILE = Fluke/Info.plist;
				"INFOPLIST_KEY_UIApplicationSceneManifest_Generation[sdk=iphoneos*]" = YES;
				"INFOPLIST_KEY_UIApplicationSceneManifest_Generation[sdk=iphonesimulator*]" = YES;
				"INFOPLIST_KEY_UIApplicationSupportsIndirectInputEvents[sdk=iphoneos*]" = YES;
				"INFOPLIST_KEY_UIApplicationSupportsIndirectInputEvents[sdk=iphonesimulator*]" = YES;
				"INFOPLIST_KEY_UILaunchScreen_Generation[sdk=iphoneos*]" = YES;
				"INFOPLIST_KEY_UILaunchScreen_Generation[sdk=iphonesimulator*]" = YES;
				"INFOPLIST_KEY_UIStatusBarStyle[sdk=iphoneos*]" = UIStatusBarStyleDefault;
				"INFOPLIST_KEY_UIStatusBarStyle[sdk=iphonesimulator*]" = UIStatusBarStyleDefault;
				INFOPLIST_KEY_UISupportedInterfaceOrientations_iPad = "UIInterfaceOrientationPortrait UIInterfaceOrientationPortraitUpsideDown UIInterfaceOrientationLandscapeLeft UIInterfaceOrientationLandscapeRight";
				INFOPLIST_KEY_UISupportedInterfaceOrientations_iPhone = "UIInterfaceOrientationPortrait UIInterfaceOrientationLandscapeLeft UIInterfaceOrientationLandscapeRight";
				IPHONEOS_DEPLOYMENT_TARGET = 17.0;
				LD_RUNPATH_SEARCH_PATHS = "@executable_path/Frameworks";
				"LD_RUNPATH_SEARCH_PATHS[sdk=macosx*]" = "@executable_path/../Frameworks";
				MACOSX_DEPLOYMENT_TARGET = 26.0;
				MARKETING_VERSION = 1.0;
				PRODUCT_BUNDLE_IDENTIFIER = app.fluke.Fluke;
				PRODUCT_NAME = "$(TARGET_NAME)";
				REGISTER_APP_GROUPS = YES;
				SDKROOT = iphoneos;
				STRING_CATALOG_GENERATE_SYMBOLS = YES;
				SUPPORTED_PLATFORMS = "iphoneos iphonesimulator";
				SWIFT_APPROACHABLE_CONCURRENCY = YES;
				SWIFT_DEFAULT_ACTOR_ISOLATION = MainActor;
				SWIFT_EMIT_LOC_STRINGS = YES;
				SWIFT_UPCOMING_FEATURE_MEMBER_IMPORT_VISIBILITY = YES;
				SWIFT_VERSION = 5.0;
				TARGETED_DEVICE_FAMILY = 1;
				XROS_DEPLOYMENT_TARGET = 26.0;
			};
			name = Release;
		};
		97C8ECF32FA59EE000BCF41D /* Debug */ = {
			isa = XCBuildConfiguration;
			buildSettings = {
				BUNDLE_LOADER = "$(TEST_HOST)";
				CODE_SIGN_STYLE = Automatic;
				CURRENT_PROJECT_VERSION = 1;
				DEVELOPMENT_TEAM = 86RBV2JZ8F;
				GENERATE_INFOPLIST_FILE = YES;
				IPHONEOS_DEPLOYMENT_TARGET = 17.0;
				MACOSX_DEPLOYMENT_TARGET = 26.0;
				MARKETING_VERSION = 1.0;
				PRODUCT_BUNDLE_IDENTIFIER = app.fluke.FlukeTests;
				PRODUCT_NAME = "$(TARGET_NAME)";
				SDKROOT = iphoneos;
				STRING_CATALOG_GENERATE_SYMBOLS = NO;
				SUPPORTED_PLATFORMS = "iphoneos iphonesimulator";
				SWIFT_APPROACHABLE_CONCURRENCY = YES;
				SWIFT_EMIT_LOC_STRINGS = NO;
				SWIFT_UPCOMING_FEATURE_MEMBER_IMPORT_VISIBILITY = YES;
				SWIFT_VERSION = 5.0;
				TARGETED_DEVICE_FAMILY = 1;
				TEST_HOST = "$(BUILT_PRODUCTS_DIR)/Fluke.app/$(BUNDLE_EXECUTABLE_FOLDER_PATH)/Fluke";
				XROS_DEPLOYMENT_TARGET = 26.0;
			};
			name = Debug;
		};
		97C8ECF42FA59EE000BCF41D /* Release */ = {
			isa = XCBuildConfiguration;
			buildSettings = {
				BUNDLE_LOADER = "$(TEST_HOST)";
				CODE_SIGN_STYLE = Automatic;
				CURRENT_PROJECT_VERSION = 1;
				DEVELOPMENT_TEAM = 86RBV2JZ8F;
				GENERATE_INFOPLIST_FILE = YES;
				IPHONEOS_DEPLOYMENT_TARGET = 17.0;
				MACOSX_DEPLOYMENT_TARGET = 26.0;
				MARKETING_VERSION = 1.0;
				PRODUCT_BUNDLE_IDENTIFIER = app.fluke.FlukeTests;
				PRODUCT_NAME = "$(TARGET_NAME)";
				SDKROOT = iphoneos;
				STRING_CATALOG_GENERATE_SYMBOLS = NO;
				SUPPORTED_PLATFORMS = "iphoneos iphonesimulator";
				SWIFT_APPROACHABLE_CONCURRENCY = YES;
				SWIFT_EMIT_LOC_STRINGS = NO;
				SWIFT_UPCOMING_FEATURE_MEMBER_IMPORT_VISIBILITY = YES;
				SWIFT_VERSION = 5.0;
				TARGETED_DEVICE_FAMILY = 1;
				TEST_HOST = "$(BUILT_PRODUCTS_DIR)/Fluke.app/$(BUNDLE_EXECUTABLE_FOLDER_PATH)/Fluke";
				XROS_DEPLOYMENT_TARGET = 26.0;
			};
			name = Release;
		};
		97C8ECF62FA59EE000BCF41D /* Debug */ = {
			isa = XCBuildConfiguration;
			buildSettings = {
				CODE_SIGN_STYLE = Automatic;
				CURRENT_PROJECT_VERSION = 1;
				DEVELOPMENT_TEAM = 86RBV2JZ8F;
				GENERATE_INFOPLIST_FILE = YES;
				IPHONEOS_DEPLOYMENT_TARGET = 17.0;
				MACOSX_DEPLOYMENT_TARGET = 26.0;
				MARKETING_VERSION = 1.0;
				PRODUCT_BUNDLE_IDENTIFIER = app.fluke.FlukeUITests;
				PRODUCT_NAME = "$(TARGET_NAME)";
				SDKROOT = iphoneos;
				STRING_CATALOG_GENERATE_SYMBOLS = NO;
				SUPPORTED_PLATFORMS = "iphoneos iphonesimulator";
				SWIFT_APPROACHABLE_CONCURRENCY = YES;
				SWIFT_EMIT_LOC_STRINGS = NO;
				SWIFT_UPCOMING_FEATURE_MEMBER_IMPORT_VISIBILITY = YES;
				SWIFT_VERSION = 5.0;
				TARGETED_DEVICE_FAMILY = 1;
				TEST_TARGET_NAME = Fluke;
				XROS_DEPLOYMENT_TARGET = 26.0;
			};
			name = Debug;
		};
		97C8ECF72FA59EE000BCF41D /* Release */ = {
			isa = XCBuildConfiguration;
			buildSettings = {
				CODE_SIGN_STYLE = Automatic;
				CURRENT_PROJECT_VERSION = 1;
				DEVELOPMENT_TEAM = 86RBV2JZ8F;
				GENERATE_INFOPLIST_FILE = YES;
				IPHONEOS_DEPLOYMENT_TARGET = 17.0;
				MACOSX_DEPLOYMENT_TARGET = 26.0;
				MARKETING_VERSION = 1.0;
				PRODUCT_BUNDLE_IDENTIFIER = app.fluke.FlukeUITests;
				PRODUCT_NAME = "$(TARGET_NAME)";
				SDKROOT = iphoneos;
				STRING_CATALOG_GENERATE_SYMBOLS = NO;
				SUPPORTED_PLATFORMS = "iphoneos iphonesimulator";
				SWIFT_APPROACHABLE_CONCURRENCY = YES;
				SWIFT_EMIT_LOC_STRINGS = NO;
				SWIFT_UPCOMING_FEATURE_MEMBER_IMPORT_VISIBILITY = YES;
				SWIFT_VERSION = 5.0;
				TARGETED_DEVICE_FAMILY = 1;
				TEST_TARGET_NAME = Fluke;
				XROS_DEPLOYMENT_TARGET = 26.0;
			};
			name = Release;
		};
		A10400012FA6000000000001 /* Staging */ = {
			isa = XCBuildConfiguration;
			buildSettings = {
				COPY_PHASE_STRIP = NO;
				DEBUG_INFORMATION_FORMAT = "dwarf-with-dsym";
				DEVELOPMENT_TEAM = 86RBV2JZ8F;
				ENABLE_NS_ASSERTIONS = NO;
				SWIFT_COMPILATION_MODE = wholemodule;
			};
			name = Staging;
		};
		A10400022FA6000000000002 /* Staging */ = {
			isa = XCBuildConfiguration;
			baseConfigurationReference = A10300022FA6000000000002 /* Staging.xcconfig */;
			buildSettings = {
				ASSETCATALOG_COMPILER_APPICON_NAME = AppIcon;
				ASSETCATALOG_COMPILER_GLOBAL_ACCENT_COLOR_NAME = AccentColor;
				CODE_SIGN_STYLE = Automatic;
				CURRENT_PROJECT_VERSION = 1;
				DEVELOPMENT_TEAM = 86RBV2JZ8F;
				ENABLE_PREVIEWS = YES;
				GENERATE_INFOPLIST_FILE = NO;
				INFOPLIST_FILE = Fluke/Info.plist;
				IPHONEOS_DEPLOYMENT_TARGET = 17.0;
				LD_RUNPATH_SEARCH_PATHS = "@executable_path/Frameworks";
				MARKETING_VERSION = 1.0;
				PRODUCT_BUNDLE_IDENTIFIER = app.fluke.Fluke;
				PRODUCT_NAME = "$(TARGET_NAME)";
				SDKROOT = iphoneos;
				SUPPORTED_PLATFORMS = "iphoneos iphonesimulator";
				SWIFT_APPROACHABLE_CONCURRENCY = YES;
				SWIFT_DEFAULT_ACTOR_ISOLATION = MainActor;
				SWIFT_EMIT_LOC_STRINGS = YES;
				SWIFT_UPCOMING_FEATURE_MEMBER_IMPORT_VISIBILITY = YES;
				SWIFT_VERSION = 5.0;
				TARGETED_DEVICE_FAMILY = 1;
			};
			name = Staging;
		};
		A10400032FA6000000000003 /* Staging */ = {
			isa = XCBuildConfiguration;
			buildSettings = {
				BUNDLE_LOADER = "$(TEST_HOST)";
				CODE_SIGN_STYLE = Automatic;
				CURRENT_PROJECT_VERSION = 1;
				DEVELOPMENT_TEAM = 86RBV2JZ8F;
				GENERATE_INFOPLIST_FILE = YES;
				IPHONEOS_DEPLOYMENT_TARGET = 17.0;
				MARKETING_VERSION = 1.0;
				PRODUCT_BUNDLE_IDENTIFIER = app.fluke.FlukeTests;
				PRODUCT_NAME = "$(TARGET_NAME)";
				SDKROOT = iphoneos;
				SUPPORTED_PLATFORMS = "iphoneos iphonesimulator";
				SWIFT_VERSION = 5.0;
				TARGETED_DEVICE_FAMILY = 1;
				TEST_HOST = "$(BUILT_PRODUCTS_DIR)/Fluke.app/$(BUNDLE_EXECUTABLE_FOLDER_PATH)/Fluke";
			};
			name = Staging;
		};
		A10400042FA6000000000004 /* Staging */ = {
			isa = XCBuildConfiguration;
			buildSettings = {
				CODE_SIGN_STYLE = Automatic;
				CURRENT_PROJECT_VERSION = 1;
				DEVELOPMENT_TEAM = 86RBV2JZ8F;
				GENERATE_INFOPLIST_FILE = YES;
				IPHONEOS_DEPLOYMENT_TARGET = 17.0;
				MARKETING_VERSION = 1.0;
				PRODUCT_BUNDLE_IDENTIFIER = app.fluke.FlukeUITests;
				PRODUCT_NAME = "$(TARGET_NAME)";
				SDKROOT = iphoneos;
				SUPPORTED_PLATFORMS = "iphoneos iphonesimulator";
				SWIFT_VERSION = 5.0;
				TARGETED_DEVICE_FAMILY = 1;
				TEST_TARGET_NAME = Fluke;
			};
			name = Staging;
		};
/* End XCBuildConfiguration section */

/* Begin XCConfigurationList section */
		97C8ECC72FA59EDE00BCF41D /* Build configuration list for PBXProject "Fluke" */ = {
			isa = XCConfigurationList;
			buildConfigurations = (
				97C8ECED2FA59EE000BCF41D /* Debug */,
				A10400012FA6000000000001 /* Staging */,
				97C8ECEE2FA59EE000BCF41D /* Release */,
			);
			defaultConfigurationIsVisible = 0;
			defaultConfigurationName = Release;
		};
		97C8ECEF2FA59EE000BCF41D /* Build configuration list for PBXNativeTarget "Fluke" */ = {
			isa = XCConfigurationList;
			buildConfigurations = (
				97C8ECF02FA59EE000BCF41D /* Debug */,
				A10400022FA6000000000002 /* Staging */,
				97C8ECF12FA59EE000BCF41D /* Release */,
			);
			defaultConfigurationIsVisible = 0;
			defaultConfigurationName = Release;
		};
		97C8ECF22FA59EE000BCF41D /* Build configuration list for PBXNativeTarget "FlukeTests" */ = {
			isa = XCConfigurationList;
			buildConfigurations = (
				97C8ECF32FA59EE000BCF41D /* Debug */,
				A10400032FA6000000000003 /* Staging */,
				97C8ECF42FA59EE000BCF41D /* Release */,
			);
			defaultConfigurationIsVisible = 0;
			defaultConfigurationName = Release;
		};
		97C8ECF52FA59EE000BCF41D /* Build configuration list for PBXNativeTarget "FlukeUITests" */ = {
			isa = XCConfigurationList;
			buildConfigurations = (
				97C8ECF62FA59EE000BCF41D /* Debug */,
				A10400042FA6000000000004 /* Staging */,
				97C8ECF72FA59EE000BCF41D /* Release */,
			);
			defaultConfigurationIsVisible = 0;
			defaultConfigurationName = Release;
		};
/* End XCConfigurationList section */

/* Begin XCLocalSwiftPackageReference section */
		A10200012FA6000000000001 /* XCLocalSwiftPackageReference "../Packages/FlukeKit" */ = {
			isa = XCLocalSwiftPackageReference;
			relativePath = ../Packages/FlukeKit;
		};
		A10200022FA6000000000002 /* XCLocalSwiftPackageReference "../Packages/FlukeUI" */ = {
			isa = XCLocalSwiftPackageReference;
			relativePath = ../Packages/FlukeUI;
		};
		A10200032FA6000000000003 /* XCLocalSwiftPackageReference "../Packages/FlukeFeatures" */ = {
			isa = XCLocalSwiftPackageReference;
			relativePath = ../Packages/FlukeFeatures;
		};
/* End XCLocalSwiftPackageReference section */

/* Begin XCSwiftPackageProductDependency section */
		A10100012FA6000000000001 /* FlukeKit */ = {
			isa = XCSwiftPackageProductDependency;
			package = A10200012FA6000000000001 /* XCLocalSwiftPackageReference "../Packages/FlukeKit" */;
			productName = FlukeKit;
		};
		A10100022FA6000000000002 /* FlukeUI */ = {
			isa = XCSwiftPackageProductDependency;
			package = A10200022FA6000000000002 /* XCLocalSwiftPackageReference "../Packages/FlukeUI" */;
			productName = FlukeUI;
		};
		A10100032FA6000000000003 /* FlukeFeatures */ = {
			isa = XCSwiftPackageProductDependency;
			package = A10200032FA6000000000003 /* XCLocalSwiftPackageReference "../Packages/FlukeFeatures" */;
			productName = FlukeFeatures;
		};
/* End XCSwiftPackageProductDependency section */
	};
	rootObject = 97C8ECC42FA59EDE00BCF41D /* Project object */;
}
